
Microsoft Visual Studio Solution File, Format Version 12.00
# Visual Studio Version 16
VisualStudioVersion = 16.0.809.5
MinimumVisualStudioVersion = 10.0.40219.1
Project("{FAE04EC0-301F-11D3-BF4B-00C04F79EFBC}") = "try-dotnet-api", "try-dotnet-api.csproj", "{33BD40E7-0564-4EA1-9B8F-6CE46EBAE45F}"
EndProject
Global
	GlobalSection(SolutionConfigurationPlatforms) = preSolution
		Debug|Any CPU = Debug|Any CPU
		Release|Any CPU = Release|Any CPU
	EndGlobalSection
	GlobalSection(ProjectConfigurationPlatforms) = postSolution
		{33BD40E7-0564-4EA1-9B8F-6CE46EBAE45F}.Debug|Any CPU.ActiveCfg = Debug|Any CPU
		{33BD40E7-0564-4EA1-9B8F-6CE46EBAE45F}.Debug|Any CPU.Build.0 = Debug|Any CPU
		{33BD40E7-0564-4EA1-9B8F-6CE46EBAE45F}.Release|Any CPU.ActiveCfg = Release|Any CPU
		{33BD40E7-0564-4EA1-9B8F-6CE46EBAE45F}.Release|Any CPU.Build.0 = Release|Any CPU
	EndGlobalSection
	GlobalSection(SolutionProperties) = preSolution
		HideSolutionNode = FALSE
	EndGlobalSection
	GlobalSection(ExtensibilityGlobals) = postSolution
		SolutionGuid = {C677BF00-1B7B-4B72-9BEE-26E22FB83507}
	EndGlobalSection
EndGlobal
